
Microsoft Visual Studio Solution File, Format Version 12.00
# Visual Studio Version 16
VisualStudioVersion = 16.0.29521.150
MinimumVisualStudioVersion = 10.0.40219.1
Project("{9A19103F-16F7-4668-BE54-9A1E7A4F7556}") = "AspNetCoreIdentityServer", "AspNetCoreIdentityServer\AspNetCoreIdentityServer.csproj", "{A8356E6F-3087-430A-BFD9-C01ECED14AA2}"
EndProject
Project("{9A19103F-16F7-4668-BE54-9A1E7A4F7556}") = "ConsoleAppClient", "ConsoleAppClient\ConsoleAppClient.csproj", "{8402B7A6-CDE0-4F66-B33D-FE2EBFDFDC04}"
EndProject
Project("{9A19103F-16F7-4668-BE54-9A1E7A4F7556}") = "TestApi", "TestApi\TestApi.csproj", "{16780CD1-D315-4F6B-8464-7B013E818AEA}"
EndProject
Project("{9A19103F-16F7-4668-BE54-9A1E7A4F7556}") = "MvcAppClient", "MvcAppClient\MvcAppClient.csproj", "{DD052B34-8C74-4298-8739-2557DB18784E}"
EndProject
Global
	GlobalSection(SolutionConfigurationPlatforms) = preSolution
		Debug|Any CPU = Debug|Any CPU
		Release|Any CPU = Release|Any CPU
	EndGlobalSection
	GlobalSection(ProjectConfigurationPlatforms) = postSolution
		{A8356E6F-3087-430A-BFD9-C01ECED14AA2}.Debug|Any CPU.ActiveCfg = Debug|Any CPU
		{A8356E6F-3087-430A-BFD9-C01ECED14AA2}.Debug|Any CPU.Build.0 = Debug|Any CPU
		{A8356E6F-3087-430A-BFD9-C01ECED14AA2}.Release|Any CPU.ActiveCfg = Release|Any CPU
		{A8356E6F-3087-430A-BFD9-C01ECED14AA2}.Release|Any CPU.Build.0 = Release|Any CPU
		{8402B7A6-CDE0-4F66-B33D-FE2EBFDFDC04}.Debug|Any CPU.ActiveCfg = Debug|Any CPU
		{8402B7A6-CDE0-4F66-B33D-FE2EBFDFDC04}.Debug|Any CPU.Build.0 = Debug|Any CPU
		{8402B7A6-CDE0-4F66-B33D-FE2EBFDFDC04}.Release|Any CPU.ActiveCfg = Release|Any CPU
		{8402B7A6-CDE0-4F66-B33D-FE2EBFDFDC04}.Release|Any CPU.Build.0 = Release|Any CPU
		{16780CD1-D315-4F6B-8464-7B013E818AEA}.Debug|Any CPU.ActiveCfg = Debug|Any CPU
		{16780CD1-D315-4F6B-8464-7B013E818AEA}.Debug|Any CPU.Build.0 = Debug|Any CPU
		{16780CD1-D315-4F6B-8464-7B013E818AEA}.Release|Any CPU.ActiveCfg = Release|Any CPU
		{16780CD1-D315-4F6B-8464-7B013E818AEA}.Release|Any CPU.Build.0 = Release|Any CPU
		{DD052B34-8C74-4298-8739-2557DB18784E}.Debug|Any CPU.ActiveCfg = Debug|Any CPU
		{DD052B34-8C74-4298-8739-2557DB18784E}.Debug|Any CPU.Build.0 = Debug|Any CPU
		{DD052B34-8C74-4298-8739-2557DB18784E}.Release|Any CPU.ActiveCfg = Release|Any CPU
		{DD052B34-8C74-4298-8739-2557DB18784E}.Release|Any CPU.Build.0 = Release|Any CPU
	EndGlobalSection
	GlobalSection(SolutionProperties) = preSolution
		HideSolutionNode = FALSE
	EndGlobalSection
	GlobalSection(ExtensibilityGlobals) = postSolution
		SolutionGuid = {6B0CF985-460C-4D93-BF95-C77E9A365AC6}
	EndGlobalSection
EndGlobal
