
Microsoft Visual Studio Solution File, Format Version 12.00
# Visual Studio 15
VisualStudioVersion = 15.0.27703.2042
MinimumVisualStudioVersion = 10.0.40219.1
Project("{9A19103F-16F7-4668-BE54-9A1E7A4F7556}") = "AspNetCoreIdentityServer", "AspNetCoreIdentityServer\AspNetCoreIdentityServer.csproj", "{002FCAB7-35CC-4CDD-A8C7-A0AF48AE923E}"
EndProject
Project("{9A19103F-16F7-4668-BE54-9A1E7A4F7556}") = "TestApi", "TestApi\TestApi.csproj", "{537331B3-7218-42F7-9761-8CC363FBDF1A}"
EndProject
Project("{9A19103F-16F7-4668-BE54-9A1E7A4F7556}") = "ConsoleAppClient", "ConsoleAppClient\ConsoleAppClient.csproj", "{2E3C77BF-C9E8-401E-8EC1-38803C42290B}"
EndProject
Project("{FAE04EC0-301F-11D3-BF4B-00C04F79EFBC}") = "MvcAppClient", "MvcAppClient\MvcAppClient.csproj", "{2C1C0577-FFC6-42EE-96C5-04CCA2385A79}"
EndProject
Global
	GlobalSection(SolutionConfigurationPlatforms) = preSolution
		Debug|Any CPU = Debug|Any CPU
		Release|Any CPU = Release|Any CPU
	EndGlobalSection
	GlobalSection(ProjectConfigurationPlatforms) = postSolution
		{002FCAB7-35CC-4CDD-A8C7-A0AF48AE923E}.Debug|Any CPU.ActiveCfg = Debug|Any CPU
		{002FCAB7-35CC-4CDD-A8C7-A0AF48AE923E}.Debug|Any CPU.Build.0 = Debug|Any CPU
		{002FCAB7-35CC-4CDD-A8C7-A0AF48AE923E}.Release|Any CPU.ActiveCfg = Release|Any CPU
		{002FCAB7-35CC-4CDD-A8C7-A0AF48AE923E}.Release|Any CPU.Build.0 = Release|Any CPU
		{537331B3-7218-42F7-9761-8CC363FBDF1A}.Debug|Any CPU.ActiveCfg = Debug|Any CPU
		{537331B3-7218-42F7-9761-8CC363FBDF1A}.Debug|Any CPU.Build.0 = Debug|Any CPU
		{537331B3-7218-42F7-9761-8CC363FBDF1A}.Release|Any CPU.ActiveCfg = Release|Any CPU
		{537331B3-7218-42F7-9761-8CC363FBDF1A}.Release|Any CPU.Build.0 = Release|Any CPU
		{2E3C77BF-C9E8-401E-8EC1-38803C42290B}.Debug|Any CPU.ActiveCfg = Debug|Any CPU
		{2E3C77BF-C9E8-401E-8EC1-38803C42290B}.Debug|Any CPU.Build.0 = Debug|Any CPU
		{2E3C77BF-C9E8-401E-8EC1-38803C42290B}.Release|Any CPU.ActiveCfg = Release|Any CPU
		{2E3C77BF-C9E8-401E-8EC1-38803C42290B}.Release|Any CPU.Build.0 = Release|Any CPU
		{2C1C0577-FFC6-42EE-96C5-04CCA2385A79}.Debug|Any CPU.ActiveCfg = Debug|Any CPU
		{2C1C0577-FFC6-42EE-96C5-04CCA2385A79}.Debug|Any CPU.Build.0 = Debug|Any CPU
		{2C1C0577-FFC6-42EE-96C5-04CCA2385A79}.Release|Any CPU.ActiveCfg = Release|Any CPU
		{2C1C0577-FFC6-42EE-96C5-04CCA2385A79}.Release|Any CPU.Build.0 = Release|Any CPU
	EndGlobalSection
	GlobalSection(SolutionProperties) = preSolution
		HideSolutionNode = FALSE
	EndGlobalSection
	GlobalSection(ExtensibilityGlobals) = postSolution
		SolutionGuid = {40E6A947-B919-494D-9476-F789688A2A29}
	EndGlobalSection
EndGlobal
